
Microsoft Visual Studio Solution File, Format Version 12.00
# Visual Studio Version 17
VisualStudioVersion = 17.6.33723.286
MinimumVisualStudioVersion = 10.0.40219.1
Project("{FAE04EC0-301F-11D3-BF4B-00C04F79EFBC}") = "Lib_PasswordHashing", "Lib_PasswordHashing.csproj", "{81FE90EF-3886-4226-B644-ACF0D881C0BF}"
EndProject
Global
	GlobalSection(SolutionConfigurationPlatforms) = preSolution
		Debug|Any CPU = Debug|Any CPU
		Release|Any CPU = Release|Any CPU
	EndGlobalSection
	GlobalSection(ProjectConfigurationPlatforms) = postSolution
		{81FE90EF-3886-4226-B644-ACF0D881C0BF}.Debug|Any CPU.ActiveCfg = Debug|Any CPU
		{81FE90EF-3886-4226-B644-ACF0D881C0BF}.Debug|Any CPU.Build.0 = Debug|Any CPU
		{81FE90EF-3886-4226-B644-ACF0D881C0BF}.Release|Any CPU.ActiveCfg = Release|Any CPU
		{81FE90EF-3886-4226-B644-ACF0D881C0BF}.Release|Any CPU.Build.0 = Release|Any CPU
	EndGlobalSection
	GlobalSection(SolutionProperties) = preSolution
		HideSolutionNode = FALSE
	EndGlobalSection
	GlobalSection(ExtensibilityGlobals) = postSolution
		SolutionGuid = {A3715767-5B5F-409C-93F3-EB71DD970884}
	EndGlobalSection
EndGlobal
